
Microsoft Visual Studio Solution File, Format Version 12.00
# Visual Studio Version 17
VisualStudioVersion = 17.5.002.0
MinimumVisualStudioVersion = 10.0.40219.1
Project("{9A19103F-16F7-4668-BE54-9A1E7A4F7556}") = "Speedshard_Water", "Speedshard_Water.csproj", "{CE838E3E-6A15-4D8B-A39F-E66A5B092A34}"
EndProject
Global
	GlobalSection(SolutionConfigurationPlatforms) = preSolution
		Debug|Any CPU = Debug|Any CPU
		Release|Any CPU = Release|Any CPU
	EndGlobalSection
	GlobalSection(ProjectConfigurationPlatforms) = postSolution
		{CE838E3E-6A15-4D8B-A39F-E66A5B092A34}.Debug|Any CPU.ActiveCfg = Debug|Any CPU
		{CE838E3E-6A15-4D8B-A39F-E66A5B092A34}.Debug|Any CPU.Build.0 = Debug|Any CPU
		{CE838E3E-6A15-4D8B-A39F-E66A5B092A34}.Release|Any CPU.ActiveCfg = Release|Any CPU
		{CE838E3E-6A15-4D8B-A39F-E66A5B092A34}.Release|Any CPU.Build.0 = Release|Any CPU
	EndGlobalSection
	GlobalSection(SolutionProperties) = preSolution
		HideSolutionNode = FALSE
	EndGlobalSection
	GlobalSection(ExtensibilityGlobals) = postSolution
		SolutionGuid = {E0D0EB07-0DD6-497B-8F8D-388818A7FB48}
	EndGlobalSection
EndGlobal
