
Microsoft Visual Studio Solution File, Format Version 12.00
# Visual Studio Version 17
VisualStudioVersion = 17.5.002.0
MinimumVisualStudioVersion = 10.0.40219.1
Project("{9A19103F-16F7-4668-BE54-9A1E7A4F7556}") = "Speedshard_Test", "Speedshard_Test.csproj", "{BB9AF6F1-CF3E-4563-B7AD-6153C02571CF}"
EndProject
Global
	GlobalSection(SolutionConfigurationPlatforms) = preSolution
		Debug|Any CPU = Debug|Any CPU
		Release|Any CPU = Release|Any CPU
	EndGlobalSection
	GlobalSection(ProjectConfigurationPlatforms) = postSolution
		{BB9AF6F1-CF3E-4563-B7AD-6153C02571CF}.Debug|Any CPU.ActiveCfg = Debug|Any CPU
		{BB9AF6F1-CF3E-4563-B7AD-6153C02571CF}.Debug|Any CPU.Build.0 = Debug|Any CPU
		{BB9AF6F1-CF3E-4563-B7AD-6153C02571CF}.Release|Any CPU.ActiveCfg = Release|Any CPU
		{BB9AF6F1-CF3E-4563-B7AD-6153C02571CF}.Release|Any CPU.Build.0 = Release|Any CPU
	EndGlobalSection
	GlobalSection(SolutionProperties) = preSolution
		HideSolutionNode = FALSE
	EndGlobalSection
	GlobalSection(ExtensibilityGlobals) = postSolution
		SolutionGuid = {7A475F72-105B-4CE1-86F3-C24EA1E16601}
	EndGlobalSection
EndGlobal
